
Microsoft Visual Studio Solution File, Format Version 12.00
# Visual Studio Version 16
VisualStudioVersion = 16.0.30804.86
MinimumVisualStudioVersion = 10.0.40219.1
Project("{FAE04EC0-301F-11D3-BF4B-00C04F79EFBC}") = "PISservice", "PISservice\PISservice.csproj", "{405BB9A1-8E49-4AD8-8D6C-0067F23F8E47}"
EndProject
Global
	GlobalSection(SolutionConfigurationPlatforms) = preSolution
		Debug|Any CPU = Debug|Any CPU
		Release|Any CPU = Release|Any CPU
	EndGlobalSection
	GlobalSection(ProjectConfigurationPlatforms) = postSolution
		{405BB9A1-8E49-4AD8-8D6C-0067F23F8E47}.Debug|Any CPU.ActiveCfg = Debug|Any CPU
		{405BB9A1-8E49-4AD8-8D6C-0067F23F8E47}.Debug|Any CPU.Build.0 = Debug|Any CPU
		{405BB9A1-8E49-4AD8-8D6C-0067F23F8E47}.Release|Any CPU.ActiveCfg = Release|Any CPU
		{405BB9A1-8E49-4AD8-8D6C-0067F23F8E47}.Release|Any CPU.Build.0 = Release|Any CPU
	EndGlobalSection
	GlobalSection(SolutionProperties) = preSolution
		HideSolutionNode = FALSE
	EndGlobalSection
	GlobalSection(ExtensibilityGlobals) = postSolution
		SolutionGuid = {5303347E-CE70-41B5-B750-43ACA8986D44}
	EndGlobalSection
EndGlobal
